{
  "requires": true,
  "lockfileVersion": 1,
  "dependencies": {
    "monaco-editor": {
      "version": "0.19.2",
      "resolved": "https://registry.npmjs.org/monaco-editor/-/monaco-editor-0.19.2.tgz",
      "integrity": "sha512-LqsdIU3cNUSS9Zrxrpjirloa5KT36bc725JK7Dwu7eAVqqairlGVs8ioxUaVNQ96svOJaOEKXqcIHVVbSSrveg=="
    }
  }
}
